
Microsoft Visual Studio Solution File, Format Version 12.00
# Visual Studio Version 17
VisualStudioVersion = 17.5.33627.172
MinimumVisualStudioVersion = 10.0.40219.1
Project("{FAE04EC0-301F-11D3-BF4B-00C04F79EFBC}") = "AssignmentDay5", "AssignmentDay5\AssignmentDay5.csproj", "{AB0E496C-1536-4056-8434-0890CD2C24AE}"
EndProject
Global
	GlobalSection(SolutionConfigurationPlatforms) = preSolution
		Debug|Any CPU = Debug|Any CPU
		Release|Any CPU = Release|Any CPU
	EndGlobalSection
	GlobalSection(ProjectConfigurationPlatforms) = postSolution
		{AB0E496C-1536-4056-8434-0890CD2C24AE}.Debug|Any CPU.ActiveCfg = Debug|Any CPU
		{AB0E496C-1536-4056-8434-0890CD2C24AE}.Debug|Any CPU.Build.0 = Debug|Any CPU
		{AB0E496C-1536-4056-8434-0890CD2C24AE}.Release|Any CPU.ActiveCfg = Release|Any CPU
		{AB0E496C-1536-4056-8434-0890CD2C24AE}.Release|Any CPU.Build.0 = Release|Any CPU
	EndGlobalSection
	GlobalSection(SolutionProperties) = preSolution
		HideSolutionNode = FALSE
	EndGlobalSection
	GlobalSection(ExtensibilityGlobals) = postSolution
		SolutionGuid = {0EE73159-5D33-4BCC-A162-8904E37D8F40}
	EndGlobalSection
EndGlobal
